
Microsoft Visual Studio Solution File, Format Version 12.00
# Visual Studio 15
VisualStudioVersion = 15.0.28010.2046
MinimumVisualStudioVersion = 10.0.40219.1
Project("{FAE04EC0-301F-11D3-BF4B-00C04F79EFBC}") = "autofac-example", "autofac-example\autofac-example.csproj", "{D88808E4-6175-406C-A2F2-A4793D6291B4}"
EndProject
Project("{FAE04EC0-301F-11D3-BF4B-00C04F79EFBC}") = "tests", "tests\tests.csproj", "{ADE38E9D-AEF1-4BE4-8F5E-6F9FB96AD97A}"
EndProject
Global
	GlobalSection(SolutionConfigurationPlatforms) = preSolution
		Debug|Any CPU = Debug|Any CPU
		Release|Any CPU = Release|Any CPU
	EndGlobalSection
	GlobalSection(ProjectConfigurationPlatforms) = postSolution
		{D88808E4-6175-406C-A2F2-A4793D6291B4}.Debug|Any CPU.ActiveCfg = Debug|Any CPU
		{D88808E4-6175-406C-A2F2-A4793D6291B4}.Debug|Any CPU.Build.0 = Debug|Any CPU
		{D88808E4-6175-406C-A2F2-A4793D6291B4}.Release|Any CPU.ActiveCfg = Release|Any CPU
		{D88808E4-6175-406C-A2F2-A4793D6291B4}.Release|Any CPU.Build.0 = Release|Any CPU
		{ADE38E9D-AEF1-4BE4-8F5E-6F9FB96AD97A}.Debug|Any CPU.ActiveCfg = Debug|Any CPU
		{ADE38E9D-AEF1-4BE4-8F5E-6F9FB96AD97A}.Debug|Any CPU.Build.0 = Debug|Any CPU
		{ADE38E9D-AEF1-4BE4-8F5E-6F9FB96AD97A}.Release|Any CPU.ActiveCfg = Release|Any CPU
		{ADE38E9D-AEF1-4BE4-8F5E-6F9FB96AD97A}.Release|Any CPU.Build.0 = Release|Any CPU
	EndGlobalSection
	GlobalSection(SolutionProperties) = preSolution
		HideSolutionNode = FALSE
	EndGlobalSection
	GlobalSection(ExtensibilityGlobals) = postSolution
		SolutionGuid = {713A313D-BB62-4A73-9C7E-70A9A9D0768B}
	EndGlobalSection
EndGlobal
